// !$*UTF8*$!
{
	archiveVersion = 1;
	classes = {
	};
	objectVersion = 46;
	objects = {

/* Begin PBXBuildFile section */
		1B4011B91DBEE52000DC3658 /* AppDelegate.swift in Sources */ = {isa = PBXBuildFile; fileRef = 1B4011B81DBEE52000DC3658 /* AppDelegate.swift */; };
		1B4011BB1DBEE52000DC3658 /* ViewController.swift in Sources */ = {isa = PBXBuildFile; fileRef = 1B4011BA1DBEE52000DC3658 /* ViewController.swift */; };
		1B4011BE1DBEE52000DC3658 /* Main.storyboard in Resources */ = {isa = PBXBuildFile; fileRef = 1B4011BC1DBEE52000DC3658 /* Main.storyboard */; };
		1B4011C01DBEE52000DC3658 /* Assets.xcassets in Resources */ = {isa = PBXBuildFile; fileRef = 1B4011BF1DBEE52000DC3658 /* Assets.xcassets */; };
		1B4011C31DBEE52000DC3658 /* LaunchScreen.storyboard in Resources */ = {isa = PBXBuildFile; fileRef = 1B4011C11DBEE52000DC3658 /* LaunchScreen.storyboard */; };
		1B7A67121DC1845F00FCF5B0 /* User.swift in Sources */ = {isa = PBXBuildFile; fileRef = 1B7A67111DC1845F00FCF5B0 /* User.swift */; };
		1B7A67141DC1846E00FCF5B0 /* Tweet.swift in Sources */ = {isa = PBXBuildFile; fileRef = 1B7A67131DC1846E00FCF5B0 /* Tweet.swift */; };
		1B959DAC1DC029E30077972F /* LoginViewController.swift in Sources */ = {isa = PBXBuildFile; fileRef = 1B959DAB1DC029E30077972F /* LoginViewController.swift */; };
		1BA3C41E1DC1D6CC00B4D12A /* TwitterManager.swift in Sources */ = {isa = PBXBuildFile; fileRef = 1BA3C41D1DC1D6CC00B4D12A /* TwitterManager.swift */; };
		1BA3C4211DC1E4C000B4D12A /* TweetsViewController.swift in Sources */ = {isa = PBXBuildFile; fileRef = 1BA3C4201DC1E4C000B4D12A /* TweetsViewController.swift */; };
		FCA3A31E66CE84DC6D75F35A /* Pods_TwitterDemo.framework in Frameworks */ = {isa = PBXBuildFile; fileRef = CD4936EFCC212A62BF37D32F /* Pods_TwitterDemo.framework */; };
/* End PBXBuildFile section */

/* Begin PBXFileReference section */
		1B4011B51DBEE52000DC3658 /* TwitterDemo.app */ = {isa = PBXFileReference; explicitFileType = wrapper.application; includeInIndex = 0; path = TwitterDemo.app; sourceTree = BUILT_PRODUCTS_DIR; };
		1B4011B81DBEE52000DC3658 /* AppDelegate.swift */ = {isa = PBXFileReference; lastKnownFileType = sourcecode.swift; path = AppDelegate.swift; sourceTree = "<group>"; };
		1B4011BA1DBEE52000DC3658 /* ViewController.swift */ = {isa = PBXFileReference; lastKnownFileType = sourcecode.swift; path = ViewController.swift; sourceTree = "<group>"; };
		1B4011BD1DBEE52000DC3658 /* Base */ = {isa = PBXFileReference; lastKnownFileType = file.storyboard; name = Base; path = Base.lproj/Main.storyboard; sourceTree = "<group>"; };
		1B4011BF1DBEE52000DC3658 /* Assets.xcassets */ = {isa = PBXFileReference; lastKnownFileType = folder.assetcatalog; path = Assets.xcassets; sourceTree = "<group>"; };
		1B4011C21DBEE52000DC3658 /* Base */ = {isa = PBXFileReference; lastKnownFileType = file.storyboard; name = Base; path = Base.lproj/LaunchScreen.storyboard; sourceTree = "<group>"; };
		1B4011C41DBEE52000DC3658 /* Info.plist */ = {isa = PBXFileReference; lastKnownFileType = text.plist.xml; path = Info.plist; sourceTree = "<group>"; };
		1B7A67111DC1845F00FCF5B0 /* User.swift */ = {isa = PBXFileReference; fileEncoding = 4; lastKnownFileType = sourcecode.swift; name = User.swift; path = Models/User.swift; sourceTree = "<group>"; };
		1B7A67131DC1846E00FCF5B0 /* Tweet.swift */ = {isa = PBXFileReference; fileEncoding = 4; lastKnownFileType = sourcecode.swift; name = Tweet.swift; path = Models/Tweet.swift; sourceTree = "<group>"; };
		1B959DAB1DC029E30077972F /* LoginViewController.swift */ = {isa = PBXFileReference; fileEncoding = 4; lastKnownFileType = sourcecode.swift; name = LoginViewController.swift; path = ViewControllers/LoginViewController.swift; sourceTree = "<group>"; };
		1BA3C41D1DC1D6CC00B4D12A /* TwitterManager.swift */ = {isa = PBXFileReference; fileEncoding = 4; lastKnownFileType = sourcecode.swift; name = TwitterManager.swift; path = Managers/TwitterManager.swift; sourceTree = "<group>"; };
		1BA3C4201DC1E4C000B4D12A /* TweetsViewController.swift */ = {isa = PBXFileReference; fileEncoding = 4; lastKnownFileType = sourcecode.swift; name = TweetsViewController.swift; path = ViewControllers/TweetsViewController.swift; sourceTree = "<group>"; };
		42BC905C50A19F38A93B750A /* Pods-TwitterDemo.debug.xcconfig */ = {isa = PBXFileReference; includeInIndex = 1; lastKnownFileType = text.xcconfig; name = "Pods-TwitterDemo.debug.xcconfig"; path = "Pods/Target Support Files/Pods-TwitterDemo/Pods-TwitterDemo.debug.xcconfig"; sourceTree = "<group>"; };
		4C594B7F97EE5DDA99294669 /* Pods-TwitterDemo.release.xcconfig */ = {isa = PBXFileReference; includeInIndex = 1; lastKnownFileType = text.xcconfig; name = "Pods-TwitterDemo.release.xcconfig"; path = "Pods/Target Support Files/Pods-TwitterDemo/Pods-TwitterDemo.release.xcconfig"; sourceTree = "<group>"; };
		CD4936EFCC212A62BF37D32F /* Pods_TwitterDemo.framework */ = {isa = PBXFileReference; explicitFileType = wrapper.framework; includeInIndex = 0; path = Pods_TwitterDemo.framework; sourceTree = BUILT_PRODUCTS_DIR; };
/* End PBXFileReference section */

/* Begin PBXFrameworksBuildPhase section */
		1B4011B21DBEE52000DC3658 /* Frameworks */ = {
			isa = PBXFrameworksBuildPhase;
			buildActionMask = 2147483647;
			files = (
				FCA3A31E66CE84DC6D75F35A /* Pods_TwitterDemo.framework in Frameworks */,
			);
			runOnlyForDeploymentPostprocessing = 0;
		};
/* End PBXFrameworksBuildPhase section */

/* Begin PBXGroup section */
		1B317E221DBEE8B100B7385F /* ViewControllers */ = {
			isa = PBXGroup;
			children = (
				1B959DAB1DC029E30077972F /* LoginViewController.swift */,
				1BA3C4201DC1E4C000B4D12A /* TweetsViewController.swift */,
			);
			name = ViewControllers;
			sourceTree = "<group>";
		};
		1B4011AC1DBEE52000DC3658 = {
			isa = PBXGroup;
			children = (
				1B4011B71DBEE52000DC3658 /* TwitterDemo */,
				1B4011B61DBEE52000DC3658 /* Products */,
				56191ADFB84E1ED43E8BCEB2 /* Pods */,
				2E3E1038597B2815FE658525 /* Frameworks */,
			);
			sourceTree = "<group>";
		};
		1B4011B61DBEE52000DC3658 /* Products */ = {
			isa = PBXGroup;
			children = (
				1B4011B51DBEE52000DC3658 /* TwitterDemo.app */,
			);
			name = Products;
			sourceTree = "<group>";
		};
		1B4011B71DBEE52000DC3658 /* TwitterDemo */ = {
			isa = PBXGroup;
			children = (
				1B4011B81DBEE52000DC3658 /* AppDelegate.swift */,
				1B4011BF1DBEE52000DC3658 /* Assets.xcassets */,
				1B4011C41DBEE52000DC3658 /* Info.plist */,
				1B4011C11DBEE52000DC3658 /* LaunchScreen.storyboard */,
				1B4011BC1DBEE52000DC3658 /* Main.storyboard */,
				1BA3C41F1DC1D6D400B4D12A /* Managers */,
				1B7A67101DC1844700FCF5B0 /* Models */,
				1B4011BA1DBEE52000DC3658 /* ViewController.swift */,
				1B317E221DBEE8B100B7385F /* ViewControllers */,
			);
			path = TwitterDemo;
			sourceTree = "<group>";
		};
		1B7A67101DC1844700FCF5B0 /* Models */ = {
			isa = PBXGroup;
			children = (
				1B7A67111DC1845F00FCF5B0 /* User.swift */,
				1B7A67131DC1846E00FCF5B0 /* Tweet.swift */,
			);
			name = Models;
			sourceTree = "<group>";
		};
		1BA3C41F1DC1D6D400B4D12A /* Managers */ = {
			isa = PBXGroup;
			children = (
				1BA3C41D1DC1D6CC00B4D12A /* TwitterManager.swift */,
			);
			name = Managers;
			sourceTree = "<group>";
		};
		2E3E1038597B2815FE658525 /* Frameworks */ = {
			isa = PBXGroup;
			children = (
				CD4936EFCC212A62BF37D32F /* Pods_TwitterDemo.framework */,
			);
			name = Frameworks;
			sourceTree = "<group>";
		};
		56191ADFB84E1ED43E8BCEB2 /* Pods */ = {
			isa = PBXGroup;
			children = (
				42BC905C50A19F38A93B750A /* Pods-TwitterDemo.debug.xcconfig */,
				4C594B7F97EE5DDA99294669 /* Pods-TwitterDemo.release.xcconfig */,
			);
			name = Pods;
			sourceTree = "<group>";
		};
/* End PBXGroup section */

/* Begin PBXNativeTarget section */
		1B4011B41DBEE52000DC3658 /* TwitterDemo */ = {
			isa = PBXNativeTarget;
			buildConfigurationList = 1B4011C71DBEE52000DC3658 /* Build configuration list for PBXNativeTarget "TwitterDemo" */;
			buildPhases = (
				8BB1DCEB45378CC6EC96AA03 /* 📦 Check Pods Manifest.lock */,
				31E722E7FE40DA4D5E964B45 /* [CP] Check Pods Manifest.lock */,
				1B4011B11DBEE52000DC3658 /* Sources */,
				1B4011B21DBEE52000DC3658 /* Frameworks */,
				1B4011B31DBEE52000DC3658 /* Resources */,
				B4A68F2A06394C53F4EE29AB /* [CP] Embed Pods Frameworks */,
				C3C87C2D36CD70868E454387 /* [CP] Copy Pods Resources */,
				F202A26BF1DB15EE3BE6A545 /* 📦 Embed Pods Frameworks */,
				5832033AFC784CF32B1A1A5C /* 📦 Copy Pods Resources */,
			);
			buildRules = (
			);
			dependencies = (
			);
			name = TwitterDemo;
			productName = TwitterDemo;
			productReference = 1B4011B51DBEE52000DC3658 /* TwitterDemo.app */;
			productType = "com.apple.product-type.application";
		};
/* End PBXNativeTarget section */

/* Begin PBXProject section */
		1B4011AD1DBEE52000DC3658 /* Project object */ = {
			isa = PBXProject;
			attributes = {
				LastSwiftUpdateCheck = 0800;
				LastUpgradeCheck = 0800;
				ORGANIZATIONNAME = "Bipin Pattan";
				TargetAttributes = {
					1B4011B41DBEE52000DC3658 = {
						CreatedOnToolsVersion = 8.0;
						ProvisioningStyle = Automatic;
					};
				};
			};
			buildConfigurationList = 1B4011B01DBEE52000DC3658 /* Build configuration list for PBXProject "TwitterDemo" */;
			compatibilityVersion = "Xcode 3.2";
			developmentRegion = English;
			hasScannedForEncodings = 0;
			knownRegions = (
				en,
				Base,
			);
			mainGroup = 1B4011AC1DBEE52000DC3658;
			productRefGroup = 1B4011B61DBEE52000DC3658 /* Products */;
			projectDirPath = "";
			projectRoot = "";
			targets = (
				1B4011B41DBEE52000DC3658 /* TwitterDemo */,
			);
		};
/* End PBXProject section */

/* Begin PBXResourcesBuildPhase section */
		1B4011B31DBEE52000DC3658 /* Resources */ = {
			isa = PBXResourcesBuildPhase;
			buildActionMask = 2147483647;
			files = (
				1B4011C31DBEE52000DC3658 /* LaunchScreen.storyboard in Resources */,
				1B4011C01DBEE52000DC3658 /* Assets.xcassets in Resources */,
				1B4011BE1DBEE52000DC3658 /* Main.storyboard in Resources */,
			);
			runOnlyForDeploymentPostprocessing = 0;
		};
/* End PBXResourcesBuildPhase section */

/* Begin PBXShellScriptBuildPhase section */
		31E722E7FE40DA4D5E964B45 /* [CP] Check Pods Manifest.lock */ = {
			isa = PBXShellScriptBuildPhase;
			buildActionMask = 2147483647;
			files = (
			);
			inputPaths = (
			);
			name = "[CP] Check Pods Manifest.lock";
			outputPaths = (
			);
			runOnlyForDeploymentPostprocessing = 0;
			shellPath = /bin/sh;
			shellScript = "diff \"${PODS_ROOT}/../Podfile.lock\" \"${PODS_ROOT}/Manifest.lock\" > /dev/null\nif [[ $? != 0 ]] ; then\n    cat << EOM\nerror: The sandbox is not in sync with the Podfile.lock. Run 'pod install' or update your CocoaPods installation.\nEOM\n    exit 1\nfi\n";
			showEnvVarsInLog = 0;
		};
		5832033AFC784CF32B1A1A5C /* 📦 Copy Pods Resources */ = {
			isa = PBXShellScriptBuildPhase;
			buildActionMask = 2147483647;
			files = (
			);
			inputPaths = (
			);
			name = "📦 Copy Pods Resources";
			outputPaths = (
			);
			runOnlyForDeploymentPostprocessing = 0;
			shellPath = /bin/sh;
			shellScript = "\"${SRCROOT}/Pods/Target Support Files/Pods-TwitterDemo/Pods-TwitterDemo-resources.sh\"\n";
			showEnvVarsInLog = 0;
		};
		8BB1DCEB45378CC6EC96AA03 /* 📦 Check Pods Manifest.lock */ = {
			isa = PBXShellScriptBuildPhase;
			buildActionMask = 2147483647;
			files = (
			);
			inputPaths = (
			);
			name = "📦 Check Pods Manifest.lock";
			outputPaths = (
			);
			runOnlyForDeploymentPostprocessing = 0;
			shellPath = /bin/sh;
			shellScript = "diff \"${PODS_ROOT}/../Podfile.lock\" \"${PODS_ROOT}/Manifest.lock\" > /dev/null\nif [[ $? != 0 ]] ; then\n    cat << EOM\nerror: The sandbox is not in sync with the Podfile.lock. Run 'pod install' or update your CocoaPods installation.\nEOM\n    exit 1\nfi\n";
			showEnvVarsInLog = 0;
		};
		B4A68F2A06394C53F4EE29AB /* [CP] Embed Pods Frameworks */ = {
			isa = PBXShellScriptBuildPhase;
			buildActionMask = 2147483647;
			files = (
			);
			inputPaths = (
			);
			name = "[CP] Embed Pods Frameworks";
			outputPaths = (
			);
			runOnlyForDeploymentPostprocessing = 0;
			shellPath = /bin/sh;
			shellScript = "\"${SRCROOT}/Pods/Target Support Files/Pods-TwitterDemo/Pods-TwitterDemo-frameworks.sh\"\n";
			showEnvVarsInLog = 0;
		};
		C3C87C2D36CD70868E454387 /* [CP] Copy Pods Resources */ = {
			isa = PBXShellScriptBuildPhase;
			buildActionMask = 2147483647;
			files = (
			);
			inputPaths = (
			);
			name = "[CP] Copy Pods Resources";
			outputPaths = (
			);
			runOnlyForDeploymentPostprocessing = 0;
			shellPath = /bin/sh;
			shellScript = "\"${SRCROOT}/Pods/Target Support Files/Pods-TwitterDemo/Pods-TwitterDemo-resources.sh\"\n";
			showEnvVarsInLog = 0;
		};
		F202A26BF1DB15EE3BE6A545 /* 📦 Embed Pods Frameworks */ = {
			isa = PBXShellScriptBuildPhase;
			buildActionMask = 2147483647;
			files = (
			);
			inputPaths = (
			);
			name = "📦 Embed Pods Frameworks";
			outputPaths = (
			);
			runOnlyForDeploymentPostprocessing = 0;
			shellPath = /bin/sh;
			shellScript = "\"${SRCROOT}/Pods/Target Support Files/Pods-TwitterDemo/Pods-TwitterDemo-frameworks.sh\"\n";
			showEnvVarsInLog = 0;
		};
/* End PBXShellScriptBuildPhase section */

/* Begin PBXSourcesBuildPhase section */
		1B4011B11DBEE52000DC3658 /* Sources */ = {
			isa = PBXSourcesBuildPhase;
			buildActionMask = 2147483647;
			files = (
				1B7A67121DC1845F00FCF5B0 /* User.swift in Sources */,
				1BA3C41E1DC1D6CC00B4D12A /* TwitterManager.swift in Sources */,
				1B7A67141DC1846E00FCF5B0 /* Tweet.swift in Sources */,
				1B959DAC1DC029E30077972F /* LoginViewController.swift in Sources */,
				1BA3C4211DC1E4C000B4D12A /* TweetsViewController.swift in Sources */,
				1B4011BB1DBEE52000DC3658 /* ViewController.swift in Sources */,
				1B4011B91DBEE52000DC3658 /* AppDelegate.swift in Sources */,
			);
			runOnlyForDeploymentPostprocessing = 0;
		};
/* End PBXSourcesBuildPhase section */

/* Begin PBXVariantGroup section */
		1B4011BC1DBEE52000DC3658 /* Main.storyboard */ = {
			isa = PBXVariantGroup;
			children = (
				1B4011BD1DBEE52000DC3658 /* Base */,
			);
			name = Main.storyboard;
			sourceTree = "<group>";
		};
		1B4011C11DBEE52000DC3658 /* LaunchScreen.storyboard */ = {
			isa = PBXVariantGroup;
			children = (
				1B4011C21DBEE52000DC3658 /* Base */,
			);
			name = LaunchScreen.storyboard;
			sourceTree = "<group>";
		};
/* End PBXVariantGroup section */

/* Begin XCBuildConfiguration section */
		1B4011C51DBEE52000DC3658 /* Debug */ = {
			isa = XCBuildConfiguration;
			buildSettings = {
				ALWAYS_SEARCH_USER_PATHS = NO;
				CLANG_ANALYZER_NONNULL = YES;
				CLANG_CXX_LANGUAGE_STANDARD = "gnu++0x";
				CLANG_CXX_LIBRARY = "libc++";
				CLANG_ENABLE_MODULES = YES;
				CLANG_ENABLE_OBJC_ARC = YES;
				CLANG_WARN_BOOL_CONVERSION = YES;
				CLANG_WARN_CONSTANT_CONVERSION = YES;
				CLANG_WARN_DIRECT_OBJC_ISA_USAGE = YES_ERROR;
				CLANG_WARN_DOCUMENTATION_COMMENTS = YES;
				CLANG_WARN_EMPTY_BODY = YES;
				CLANG_WARN_ENUM_CONVERSION = YES;
				CLANG_WARN_INFINITE_RECURSION = YES;
				CLANG_WARN_INT_CONVERSION = YES;
				CLANG_WARN_OBJC_ROOT_CLASS = YES_ERROR;
				CLANG_WARN_SUSPICIOUS_MOVE = YES;
				CLANG_WARN_SUSPICIOUS_MOVES = YES;
				CLANG_WARN_UNREACHABLE_CODE = YES;
				CLANG_WARN__DUPLICATE_METHOD_MATCH = YES;
				"CODE_SIGN_IDENTITY[sdk=iphoneos*]" = "iPhone Developer";
				COPY_PHASE_STRIP = NO;
				DEBUG_INFORMATION_FORMAT = dwarf;
				ENABLE_STRICT_OBJC_MSGSEND = YES;
				ENABLE_TESTABILITY = YES;
				GCC_C_LANGUAGE_STANDARD = gnu99;
				GCC_DYNAMIC_NO_PIC = NO;
				GCC_NO_COMMON_BLOCKS = YES;
				GCC_OPTIMIZATION_LEVEL = 0;
				GCC_PREPROCESSOR_DEFINITIONS = (
					"DEBUG=1",
					"$(inherited)",
				);
				GCC_WARN_64_TO_32_BIT_CONVERSION = YES;
				GCC_WARN_ABOUT_RETURN_TYPE = YES_ERROR;
				GCC_WARN_UNDECLARED_SELECTOR = YES;
				GCC_WARN_UNINITIALIZED_AUTOS = YES_AGGRESSIVE;
				GCC_WARN_UNUSED_FUNCTION = YES;
				GCC_WARN_UNUSED_VARIABLE = YES;
				IPHONEOS_DEPLOYMENT_TARGET = 10.0;
				MTL_ENABLE_DEBUG_INFO = YES;
				ONLY_ACTIVE_ARCH = YES;
				SDKROOT = iphoneos;
				SWIFT_ACTIVE_COMPILATION_CONDITIONS = DEBUG;
				SWIFT_OPTIMIZATION_LEVEL = "-Onone";
				TARGETED_DEVICE_FAMILY = "1,2";
			};
			name = Debug;
		};
		1B4011C61DBEE52000DC3658 /* Release */ = {
			isa = XCBuildConfiguration;
			buildSettings = {
				ALWAYS_SEARCH_USER_PATHS = NO;
				CLANG_ANALYZER_NONNULL = YES;
				CLANG_CXX_LANGUAGE_STANDARD = "gnu++0x";
				CLANG_CXX_LIBRARY = "libc++";
				CLANG_ENABLE_MODULES = YES;
				CLANG_ENABLE_OBJC_ARC = YES;
				CLANG_WARN_BOOL_CONVERSION = YES;
				CLANG_WARN_CONSTANT_CONVERSION = YES;
				CLANG_WARN_DIRECT_OBJC_ISA_USAGE = YES_ERROR;
				CLANG_WARN_DOCUMENTATION_COMMENTS = YES;
				CLANG_WARN_EMPTY_BODY = YES;
				CLANG_WARN_ENUM_CONVERSION = YES;
				CLANG_WARN_INFINITE_RECURSION = YES;
				CLANG_WARN_INT_CONVERSION = YES;
				CLANG_WARN_OBJC_ROOT_CLASS = YES_ERROR;
				CLANG_WARN_SUSPICIOUS_MOVE = YES;
				CLANG_WARN_SUSPICIOUS_MOVES = YES;
				CLANG_WARN_UNREACHABLE_CODE = YES;
				CLANG_WARN__DUPLICATE_METHOD_MATCH = YES;
				"CODE_SIGN_IDENTITY[sdk=iphoneos*]" = "iPhone Developer";
				COPY_PHASE_STRIP = NO;
				DEBUG_INFORMATION_FORMAT = "dwarf-with-dsym";
				ENABLE_NS_ASSERTIONS = NO;
				ENABLE_STRICT_OBJC_MSGSEND = YES;
				GCC_C_LANGUAGE_STANDARD = gnu99;
				GCC_NO_COMMON_BLOCKS = YES;
				GCC_WARN_64_TO_32_BIT_CONVERSION = YES;
				GCC_WARN_ABOUT_RETURN_TYPE = YES_ERROR;
				GCC_WARN_UNDECLARED_SELECTOR = YES;
				GCC_WARN_UNINITIALIZED_AUTOS = YES_AGGRESSIVE;
				GCC_WARN_UNUSED_FUNCTION = YES;
				GCC_WARN_UNUSED_VARIABLE = YES;
				IPHONEOS_DEPLOYMENT_TARGET = 10.0;
				MTL_ENABLE_DEBUG_INFO = NO;
				SDKROOT = iphoneos;
				SWIFT_OPTIMIZATION_LEVEL = "-Owholemodule";
				TARGETED_DEVICE_FAMILY = "1,2";
				VALIDATE_PRODUCT = YES;
			};
			name = Release;
		};
		1B4011C81DBEE52000DC3658 /* Debug */ = {
			isa = XCBuildConfiguration;
			baseConfigurationReference = 42BC905C50A19F38A93B750A /* Pods-TwitterDemo.debug.xcconfig */;
			buildSettings = {
				ASSETCATALOG_COMPILER_APPICON_NAME = AppIcon;
				INFOPLIST_FILE = TwitterDemo/Info.plist;
				LD_RUNPATH_SEARCH_PATHS = "$(inherited) @executable_path/Frameworks";
				PRODUCT_BUNDLE_IDENTIFIER = bipinpattan.TwitterDemo;
				PRODUCT_NAME = "$(TARGET_NAME)";
				SWIFT_VERSION = 3.0;
			};
			name = Debug;
		};
		1B4011C91DBEE52000DC3658 /* Release */ = {
			isa = XCBuildConfiguration;
			baseConfigurationReference = 4C594B7F97EE5DDA99294669 /* Pods-TwitterDemo.release.xcconfig */;
			buildSettings = {
				ASSETCATALOG_COMPILER_APPICON_NAME = AppIcon;
				INFOPLIST_FILE = TwitterDemo/Info.plist;
				LD_RUNPATH_SEARCH_PATHS = "$(inherited) @executable_path/Frameworks";
				PRODUCT_BUNDLE_IDENTIFIER = bipinpattan.TwitterDemo;
				PRODUCT_NAME = "$(TARGET_NAME)";
				SWIFT_VERSION = 3.0;
			};
			name = Release;
		};
/* End XCBuildConfiguration section */

/* Begin XCConfigurationList section */
		1B4011B01DBEE52000DC3658 /* Build configuration list for PBXProject "TwitterDemo" */ = {
			isa = XCConfigurationList;
			buildConfigurations = (
				1B4011C51DBEE52000DC3658 /* Debug */,
				1B4011C61DBEE52000DC3658 /* Release */,
			);
			defaultConfigurationIsVisible = 0;
			defaultConfigurationName = Release;
		};
		1B4011C71DBEE52000DC3658 /* Build configuration list for PBXNativeTarget "TwitterDemo" */ = {
			isa = XCConfigurationList;
			buildConfigurations = (
				1B4011C81DBEE52000DC3658 /* Debug */,
				1B4011C91DBEE52000DC3658 /* Release */,
			);
			defaultConfigurationIsVisible = 0;
			defaultConfigurationName = Release;
		};
/* End XCConfigurationList section */
	};
	rootObject = 1B4011AD1DBEE52000DC3658 /* Project object */;
}
